
Microsoft Visual Studio Solution File, Format Version 12.00
# Visual Studio Version 16
VisualStudioVersion = 16.0.30204.135
MinimumVisualStudioVersion = 10.0.40219.1
Project("{FAE04EC0-301F-11D3-BF4B-00C04F79EFBC}") = "Sample1", "Sample1\Sample1.csproj", "{5B6B821E-B516-44AA-9ED0-F2AAB50CCC49}"
EndProject
Global
	GlobalSection(SolutionConfigurationPlatforms) = preSolution
		Debug|Any CPU = Debug|Any CPU
		Release|Any CPU = Release|Any CPU
	EndGlobalSection
	GlobalSection(ProjectConfigurationPlatforms) = postSolution
		{5B6B821E-B516-44AA-9ED0-F2AAB50CCC49}.Debug|Any CPU.ActiveCfg = Debug|Any CPU
		{5B6B821E-B516-44AA-9ED0-F2AAB50CCC49}.Debug|Any CPU.Build.0 = Debug|Any CPU
		{5B6B821E-B516-44AA-9ED0-F2AAB50CCC49}.Release|Any CPU.ActiveCfg = Release|Any CPU
		{5B6B821E-B516-44AA-9ED0-F2AAB50CCC49}.Release|Any CPU.Build.0 = Release|Any CPU
	EndGlobalSection
	GlobalSection(SolutionProperties) = preSolution
		HideSolutionNode = FALSE
	EndGlobalSection
	GlobalSection(ExtensibilityGlobals) = postSolution
		SolutionGuid = {7948CF12-B400-4060-A62F-C1D8D4BAD18D}
	EndGlobalSection
EndGlobal
